// !$*UTF8*$!
{
	archiveVersion = 1;
	classes = {
	};
	objectVersion = 55;
	objects = {

/* Begin PBXBuildFile section */
		35392D10283E9406000F2DD8 /* Assets.xcassets in Resources */ = {isa = PBXBuildFile; fileRef = 35392CFE283E9405000F2DD8 /* Assets.xcassets */; };
		35392D11283E9406000F2DD8 /* Assets.xcassets in Resources */ = {isa = PBXBuildFile; fileRef = 35392CFE283E9405000F2DD8 /* Assets.xcassets */; };
		35392D21283E94B8000F2DD8 /* FileNetwork.swift in Sources */ = {isa = PBXBuildFile; fileRef = 35392D1C283E94B8000F2DD8 /* FileNetwork.swift */; };
		35392D22283E94B8000F2DD8 /* FileNetwork.swift in Sources */ = {isa = PBXBuildFile; fileRef = 35392D1C283E94B8000F2DD8 /* FileNetwork.swift */; };
		35392D23283E94B8000F2DD8 /* FileUploadApp.swift in Sources */ = {isa = PBXBuildFile; fileRef = 35392D1D283E94B8000F2DD8 /* FileUploadApp.swift */; };
		35392D24283E94B8000F2DD8 /* FileUploadApp.swift in Sources */ = {isa = PBXBuildFile; fileRef = 35392D1D283E94B8000F2DD8 /* FileUploadApp.swift */; };
		35392D25283E94B8000F2DD8 /* PubNub.swift in Sources */ = {isa = PBXBuildFile; fileRef = 35392D1E283E94B8000F2DD8 /* PubNub.swift */; };
		35392D26283E94B8000F2DD8 /* PubNub.swift in Sources */ = {isa = PBXBuildFile; fileRef = 35392D1E283E94B8000F2DD8 /* PubNub.swift */; };
		35392D27283E94B8000F2DD8 /* HTTPFileUploadTask.swift in Sources */ = {isa = PBXBuildFile; fileRef = 35392D1F283E94B8000F2DD8 /* HTTPFileUploadTask.swift */; };
		35392D28283E94B8000F2DD8 /* HTTPFileUploadTask.swift in Sources */ = {isa = PBXBuildFile; fileRef = 35392D1F283E94B8000F2DD8 /* HTTPFileUploadTask.swift */; };
		35392D29283E94B8000F2DD8 /* App+Ext.swift in Sources */ = {isa = PBXBuildFile; fileRef = 35392D20283E94B8000F2DD8 /* App+Ext.swift */; };
		35392D2A283E94B8000F2DD8 /* App+Ext.swift in Sources */ = {isa = PBXBuildFile; fileRef = 35392D20283E94B8000F2DD8 /* App+Ext.swift */; };
		35392D2C283E94F1000F2DD8 /* ContentView.swift in Sources */ = {isa = PBXBuildFile; fileRef = 35392D2B283E94F1000F2DD8 /* ContentView.swift */; };
		35392D2D283E94F1000F2DD8 /* ContentView.swift in Sources */ = {isa = PBXBuildFile; fileRef = 35392D2B283E94F1000F2DD8 /* ContentView.swift */; };
/* End PBXBuildFile section */

/* Begin PBXFileReference section */
		35392CFE283E9405000F2DD8 /* Assets.xcassets */ = {isa = PBXFileReference; lastKnownFileType = folder.assetcatalog; path = Assets.xcassets; sourceTree = "<group>"; };
		35392D03283E9406000F2DD8 /* pubnub-issue-file-upload.app */ = {isa = PBXFileReference; explicitFileType = wrapper.application; includeInIndex = 0; path = "pubnub-issue-file-upload.app"; sourceTree = BUILT_PRODUCTS_DIR; };
		35392D09283E9406000F2DD8 /* pubnub-issue-file-upload.app */ = {isa = PBXFileReference; explicitFileType = wrapper.application; includeInIndex = 0; path = "pubnub-issue-file-upload.app"; sourceTree = BUILT_PRODUCTS_DIR; };
		35392D0B283E9406000F2DD8 /* macOS.entitlements */ = {isa = PBXFileReference; lastKnownFileType = text.plist.entitlements; path = macOS.entitlements; sourceTree = "<group>"; };
		35392D1A283E94B8000F2DD8 /* pubnub-issue-file-upload (iOS)-Bridging-Header.h */ = {isa = PBXFileReference; lastKnownFileType = sourcecode.c.h; path = "pubnub-issue-file-upload (iOS)-Bridging-Header.h"; sourceTree = "<group>"; };
		35392D1B283E94B8000F2DD8 /* pubnub-issue-file-upload (macOS)-Bridging-Header.h */ = {isa = PBXFileReference; lastKnownFileType = sourcecode.c.h; path = "pubnub-issue-file-upload (macOS)-Bridging-Header.h"; sourceTree = "<group>"; };
		35392D1C283E94B8000F2DD8 /* FileNetwork.swift */ = {isa = PBXFileReference; fileEncoding = 4; lastKnownFileType = sourcecode.swift; path = FileNetwork.swift; sourceTree = "<group>"; };
		35392D1D283E94B8000F2DD8 /* FileUploadApp.swift */ = {isa = PBXFileReference; fileEncoding = 4; lastKnownFileType = sourcecode.swift; path = FileUploadApp.swift; sourceTree = "<group>"; };
		35392D1E283E94B8000F2DD8 /* PubNub.swift */ = {isa = PBXFileReference; fileEncoding = 4; lastKnownFileType = sourcecode.swift; path = PubNub.swift; sourceTree = "<group>"; };
		35392D1F283E94B8000F2DD8 /* HTTPFileUploadTask.swift */ = {isa = PBXFileReference; fileEncoding = 4; lastKnownFileType = sourcecode.swift; path = HTTPFileUploadTask.swift; sourceTree = "<group>"; };
		35392D20283E94B8000F2DD8 /* App+Ext.swift */ = {isa = PBXFileReference; fileEncoding = 4; lastKnownFileType = sourcecode.swift; path = "App+Ext.swift"; sourceTree = "<group>"; };
		35392D2B283E94F1000F2DD8 /* ContentView.swift */ = {isa = PBXFileReference; fileEncoding = 4; lastKnownFileType = sourcecode.swift; path = ContentView.swift; sourceTree = "<group>"; };
/* End PBXFileReference section */

/* Begin PBXFrameworksBuildPhase section */
		35392D00283E9406000F2DD8 /* Frameworks */ = {
			isa = PBXFrameworksBuildPhase;
			buildActionMask = 2147483647;
			files = (
			);
			runOnlyForDeploymentPostprocessing = 0;
		};
		35392D06283E9406000F2DD8 /* Frameworks */ = {
			isa = PBXFrameworksBuildPhase;
			buildActionMask = 2147483647;
			files = (
			);
			runOnlyForDeploymentPostprocessing = 0;
		};
/* End PBXFrameworksBuildPhase section */

/* Begin PBXGroup section */
		35392CF6283E9404000F2DD8 = {
			isa = PBXGroup;
			children = (
				35392CFB283E9404000F2DD8 /* Shared */,
				35392D0A283E9406000F2DD8 /* macOS */,
				35392D04283E9406000F2DD8 /* Products */,
			);
			sourceTree = "<group>";
		};
		35392CFB283E9404000F2DD8 /* Shared */ = {
			isa = PBXGroup;
			children = (
				35392D1D283E94B8000F2DD8 /* FileUploadApp.swift */,
				35392D2B283E94F1000F2DD8 /* ContentView.swift */,
				35392D1E283E94B8000F2DD8 /* PubNub.swift */,
				35392D1C283E94B8000F2DD8 /* FileNetwork.swift */,
				35392D1F283E94B8000F2DD8 /* HTTPFileUploadTask.swift */,
				35392D20283E94B8000F2DD8 /* App+Ext.swift */,
				35392CFE283E9405000F2DD8 /* Assets.xcassets */,
				35392D1A283E94B8000F2DD8 /* pubnub-issue-file-upload (iOS)-Bridging-Header.h */,
				35392D1B283E94B8000F2DD8 /* pubnub-issue-file-upload (macOS)-Bridging-Header.h */,
			);
			path = Shared;
			sourceTree = "<group>";
		};
		35392D04283E9406000F2DD8 /* Products */ = {
			isa = PBXGroup;
			children = (
				35392D03283E9406000F2DD8 /* pubnub-issue-file-upload.app */,
				35392D09283E9406000F2DD8 /* pubnub-issue-file-upload.app */,
			);
			name = Products;
			sourceTree = "<group>";
		};
		35392D0A283E9406000F2DD8 /* macOS */ = {
			isa = PBXGroup;
			children = (
				35392D0B283E9406000F2DD8 /* macOS.entitlements */,
			);
			path = macOS;
			sourceTree = "<group>";
		};
/* End PBXGroup section */

/* Begin PBXNativeTarget section */
		35392D02283E9406000F2DD8 /* pubnub-issue-file-upload (iOS) */ = {
			isa = PBXNativeTarget;
			buildConfigurationList = 35392D14283E9406000F2DD8 /* Build configuration list for PBXNativeTarget "pubnub-issue-file-upload (iOS)" */;
			buildPhases = (
				35392CFF283E9406000F2DD8 /* Sources */,
				35392D00283E9406000F2DD8 /* Frameworks */,
				35392D01283E9406000F2DD8 /* Resources */,
			);
			buildRules = (
			);
			dependencies = (
			);
			name = "pubnub-issue-file-upload (iOS)";
			productName = "pubnub-issue-file-upload (iOS)";
			productReference = 35392D03283E9406000F2DD8 /* pubnub-issue-file-upload.app */;
			productType = "com.apple.product-type.application";
		};
		35392D08283E9406000F2DD8 /* pubnub-issue-file-upload (macOS) */ = {
			isa = PBXNativeTarget;
			buildConfigurationList = 35392D17283E9406000F2DD8 /* Build configuration list for PBXNativeTarget "pubnub-issue-file-upload (macOS)" */;
			buildPhases = (
				35392D05283E9406000F2DD8 /* Sources */,
				35392D06283E9406000F2DD8 /* Frameworks */,
				35392D07283E9406000F2DD8 /* Resources */,
			);
			buildRules = (
			);
			dependencies = (
			);
			name = "pubnub-issue-file-upload (macOS)";
			productName = "pubnub-issue-file-upload (macOS)";
			productReference = 35392D09283E9406000F2DD8 /* pubnub-issue-file-upload.app */;
			productType = "com.apple.product-type.application";
		};
/* End PBXNativeTarget section */

/* Begin PBXProject section */
		35392CF7283E9404000F2DD8 /* Project object */ = {
			isa = PBXProject;
			attributes = {
				BuildIndependentTargetsInParallel = 1;
				LastSwiftUpdateCheck = 1340;
				LastUpgradeCheck = 1340;
				TargetAttributes = {
					35392D02283E9406000F2DD8 = {
						CreatedOnToolsVersion = 13.4;
						LastSwiftMigration = 1340;
					};
					35392D08283E9406000F2DD8 = {
						CreatedOnToolsVersion = 13.4;
						LastSwiftMigration = 1340;
					};
				};
			};
			buildConfigurationList = 35392CFA283E9404000F2DD8 /* Build configuration list for PBXProject "pubnub-issue-file-upload" */;
			compatibilityVersion = "Xcode 13.0";
			developmentRegion = en;
			hasScannedForEncodings = 0;
			knownRegions = (
				en,
				Base,
			);
			mainGroup = 35392CF6283E9404000F2DD8;
			productRefGroup = 35392D04283E9406000F2DD8 /* Products */;
			projectDirPath = "";
			projectRoot = "";
			targets = (
				35392D02283E9406000F2DD8 /* pubnub-issue-file-upload (iOS) */,
				35392D08283E9406000F2DD8 /* pubnub-issue-file-upload (macOS) */,
			);
		};
/* End PBXProject section */

/* Begin PBXResourcesBuildPhase section */
		35392D01283E9406000F2DD8 /* Resources */ = {
			isa = PBXResourcesBuildPhase;
			buildActionMask = 2147483647;
			files = (
				35392D10283E9406000F2DD8 /* Assets.xcassets in Resources */,
			);
			runOnlyForDeploymentPostprocessing = 0;
		};
		35392D07283E9406000F2DD8 /* Resources */ = {
			isa = PBXResourcesBuildPhase;
			buildActionMask = 2147483647;
			files = (
				35392D11283E9406000F2DD8 /* Assets.xcassets in Resources */,
			);
			runOnlyForDeploymentPostprocessing = 0;
		};
/* End PBXResourcesBuildPhase section */

/* Begin PBXSourcesBuildPhase section */
		35392CFF283E9406000F2DD8 /* Sources */ = {
			isa = PBXSourcesBuildPhase;
			buildActionMask = 2147483647;
			files = (
				35392D23283E94B8000F2DD8 /* FileUploadApp.swift in Sources */,
				35392D21283E94B8000F2DD8 /* FileNetwork.swift in Sources */,
				35392D2C283E94F1000F2DD8 /* ContentView.swift in Sources */,
				35392D25283E94B8000F2DD8 /* PubNub.swift in Sources */,
				35392D29283E94B8000F2DD8 /* App+Ext.swift in Sources */,
				35392D27283E94B8000F2DD8 /* HTTPFileUploadTask.swift in Sources */,
			);
			runOnlyForDeploymentPostprocessing = 0;
		};
		35392D05283E9406000F2DD8 /* Sources */ = {
			isa = PBXSourcesBuildPhase;
			buildActionMask = 2147483647;
			files = (
				35392D24283E94B8000F2DD8 /* FileUploadApp.swift in Sources */,
				35392D22283E94B8000F2DD8 /* FileNetwork.swift in Sources */,
				35392D2D283E94F1000F2DD8 /* ContentView.swift in Sources */,
				35392D26283E94B8000F2DD8 /* PubNub.swift in Sources */,
				35392D2A283E94B8000F2DD8 /* App+Ext.swift in Sources */,
				35392D28283E94B8000F2DD8 /* HTTPFileUploadTask.swift in Sources */,
			);
			runOnlyForDeploymentPostprocessing = 0;
		};
/* End PBXSourcesBuildPhase section */

/* Begin XCBuildConfiguration section */
		35392D12283E9406000F2DD8 /* Debug */ = {
			isa = XCBuildConfiguration;
			buildSettings = {
				ALWAYS_SEARCH_USER_PATHS = NO;
				CLANG_ANALYZER_NONNULL = YES;
				CLANG_ANALYZER_NUMBER_OBJECT_CONVERSION = YES_AGGRESSIVE;
				CLANG_CXX_LANGUAGE_STANDARD = "gnu++17";
				CLANG_ENABLE_MODULES = YES;
				CLANG_ENABLE_OBJC_ARC = YES;
				CLANG_ENABLE_OBJC_WEAK = YES;
				CLANG_WARN_BLOCK_CAPTURE_AUTORELEASING = YES;
				CLANG_WARN_BOOL_CONVERSION = YES;
				CLANG_WARN_COMMA = YES;
				CLANG_WARN_CONSTANT_CONVERSION = YES;
				CLANG_WARN_DEPRECATED_OBJC_IMPLEMENTATIONS = YES;
				CLANG_WARN_DIRECT_OBJC_ISA_USAGE = YES_ERROR;
				CLANG_WARN_DOCUMENTATION_COMMENTS = YES;
				CLANG_WARN_EMPTY_BODY = YES;
				CLANG_WARN_ENUM_CONVERSION = YES;
				CLANG_WARN_INFINITE_RECURSION = YES;
				CLANG_WARN_INT_CONVERSION = YES;
				CLANG_WARN_NON_LITERAL_NULL_CONVERSION = YES;
				CLANG_WARN_OBJC_IMPLICIT_RETAIN_SELF = YES;
				CLANG_WARN_OBJC_LITERAL_CONVERSION = YES;
				CLANG_WARN_OBJC_ROOT_CLASS = YES_ERROR;
				CLANG_WARN_QUOTED_INCLUDE_IN_FRAMEWORK_HEADER = YES;
				CLANG_WARN_RANGE_LOOP_ANALYSIS = YES;
				CLANG_WARN_STRICT_PROTOTYPES = YES;
				CLANG_WARN_SUSPICIOUS_MOVE = YES;
				CLANG_WARN_UNGUARDED_AVAILABILITY = YES_AGGRESSIVE;
				CLANG_WARN_UNREACHABLE_CODE = YES;
				CLANG_WARN__DUPLICATE_METHOD_MATCH = YES;
				COPY_PHASE_STRIP = NO;
				DEBUG_INFORMATION_FORMAT = dwarf;
				ENABLE_STRICT_OBJC_MSGSEND = YES;
				ENABLE_TESTABILITY = YES;
				GCC_C_LANGUAGE_STANDARD = gnu11;
				GCC_DYNAMIC_NO_PIC = NO;
				GCC_NO_COMMON_BLOCKS = YES;
				GCC_OPTIMIZATION_LEVEL = 0;
				GCC_PREPROCESSOR_DEFINITIONS = (
					"DEBUG=1",
					"$(inherited)",
				);
				GCC_WARN_64_TO_32_BIT_CONVERSION = YES;
				GCC_WARN_ABOUT_RETURN_TYPE = YES_ERROR;
				GCC_WARN_UNDECLARED_SELECTOR = YES;
				GCC_WARN_UNINITIALIZED_AUTOS = YES_AGGRESSIVE;
				GCC_WARN_UNUSED_FUNCTION = YES;
				GCC_WARN_UNUSED_VARIABLE = YES;
				MTL_ENABLE_DEBUG_INFO = INCLUDE_SOURCE;
				MTL_FAST_MATH = YES;
				ONLY_ACTIVE_ARCH = YES;
				SWIFT_ACTIVE_COMPILATION_CONDITIONS = DEBUG;
				SWIFT_OPTIMIZATION_LEVEL = "-Onone";
			};
			name = Debug;
		};
		35392D13283E9406000F2DD8 /* Release */ = {
			isa = XCBuildConfiguration;
			buildSettings = {
				ALWAYS_SEARCH_USER_PATHS = NO;
				CLANG_ANALYZER_NONNULL = YES;
				CLANG_ANALYZER_NUMBER_OBJECT_CONVERSION = YES_AGGRESSIVE;
				CLANG_CXX_LANGUAGE_STANDARD = "gnu++17";
				CLANG_ENABLE_MODULES = YES;
				CLANG_ENABLE_OBJC_ARC = YES;
				CLANG_ENABLE_OBJC_WEAK = YES;
				CLANG_WARN_BLOCK_CAPTURE_AUTORELEASING = YES;
				CLANG_WARN_BOOL_CONVERSION = YES;
				CLANG_WARN_COMMA = YES;
				CLANG_WARN_CONSTANT_CONVERSION = YES;
				CLANG_WARN_DEPRECATED_OBJC_IMPLEMENTATIONS = YES;
				CLANG_WARN_DIRECT_OBJC_ISA_USAGE = YES_ERROR;
				CLANG_WARN_DOCUMENTATION_COMMENTS = YES;
				CLANG_WARN_EMPTY_BODY = YES;
				CLANG_WARN_ENUM_CONVERSION = YES;
				CLANG_WARN_INFINITE_RECURSION = YES;
				CLANG_WARN_INT_CONVERSION = YES;
				CLANG_WARN_NON_LITERAL_NULL_CONVERSION = YES;
				CLANG_WARN_OBJC_IMPLICIT_RETAIN_SELF = YES;
				CLANG_WARN_OBJC_LITERAL_CONVERSION = YES;
				CLANG_WARN_OBJC_ROOT_CLASS = YES_ERROR;
				CLANG_WARN_QUOTED_INCLUDE_IN_FRAMEWORK_HEADER = YES;
				CLANG_WARN_RANGE_LOOP_ANALYSIS = YES;
				CLANG_WARN_STRICT_PROTOTYPES = YES;
				CLANG_WARN_SUSPICIOUS_MOVE = YES;
				CLANG_WARN_UNGUARDED_AVAILABILITY = YES_AGGRESSIVE;
				CLANG_WARN_UNREACHABLE_CODE = YES;
				CLANG_WARN__DUPLICATE_METHOD_MATCH = YES;
				COPY_PHASE_STRIP = NO;
				DEBUG_INFORMATION_FORMAT = "dwarf-with-dsym";
				ENABLE_NS_ASSERTIONS = NO;
				ENABLE_STRICT_OBJC_MSGSEND = YES;
				GCC_C_LANGUAGE_STANDARD = gnu11;
				GCC_NO_COMMON_BLOCKS = YES;
				GCC_WARN_64_TO_32_BIT_CONVERSION = YES;
				GCC_WARN_ABOUT_RETURN_TYPE = YES_ERROR;
				GCC_WARN_UNDECLARED_SELECTOR = YES;
				GCC_WARN_UNINITIALIZED_AUTOS = YES_AGGRESSIVE;
				GCC_WARN_UNUSED_FUNCTION = YES;
				GCC_WARN_UNUSED_VARIABLE = YES;
				MTL_ENABLE_DEBUG_INFO = NO;
				MTL_FAST_MATH = YES;
				SWIFT_COMPILATION_MODE = wholemodule;
				SWIFT_OPTIMIZATION_LEVEL = "-O";
			};
			name = Release;
		};
		35392D15283E9406000F2DD8 /* Debug */ = {
			isa = XCBuildConfiguration;
			buildSettings = {
				ASSETCATALOG_COMPILER_APPICON_NAME = AppIcon;
				ASSETCATALOG_COMPILER_GLOBAL_ACCENT_COLOR_NAME = AccentColor;
				CLANG_ENABLE_MODULES = YES;
				CODE_SIGN_STYLE = Automatic;
				CURRENT_PROJECT_VERSION = 1;
				DEVELOPMENT_TEAM = 8XP4D6N55Z;
				ENABLE_PREVIEWS = YES;
				GENERATE_INFOPLIST_FILE = YES;
				INFOPLIST_KEY_UIApplicationSceneManifest_Generation = YES;
				INFOPLIST_KEY_UIApplicationSupportsIndirectInputEvents = YES;
				INFOPLIST_KEY_UILaunchScreen_Generation = YES;
				INFOPLIST_KEY_UISupportedInterfaceOrientations_iPad = "UIInterfaceOrientationPortrait UIInterfaceOrientationPortraitUpsideDown UIInterfaceOrientationLandscapeLeft UIInterfaceOrientationLandscapeRight";
				INFOPLIST_KEY_UISupportedInterfaceOrientations_iPhone = "UIInterfaceOrientationPortrait UIInterfaceOrientationLandscapeLeft UIInterfaceOrientationLandscapeRight";
				IPHONEOS_DEPLOYMENT_TARGET = 15.4;
				LD_RUNPATH_SEARCH_PATHS = (
					"$(inherited)",
					"@executable_path/Frameworks",
				);
				MARKETING_VERSION = 1.0;
				PRODUCT_BUNDLE_IDENTIFIER = "com.pubnub.issue.file-upload";
				PRODUCT_NAME = "pubnub-issue-file-upload";
				SDKROOT = iphoneos;
				SWIFT_EMIT_LOC_STRINGS = YES;
				SWIFT_OBJC_BRIDGING_HEADER = "Shared/pubnub-issue-file-upload (iOS)-Bridging-Header.h";
				SWIFT_OPTIMIZATION_LEVEL = "-Onone";
				SWIFT_VERSION = 5.0;
				TARGETED_DEVICE_FAMILY = "1,2";
			};
			name = Debug;
		};
		35392D16283E9406000F2DD8 /* Release */ = {
			isa = XCBuildConfiguration;
			buildSettings = {
				ASSETCATALOG_COMPILER_APPICON_NAME = AppIcon;
				ASSETCATALOG_COMPILER_GLOBAL_ACCENT_COLOR_NAME = AccentColor;
				CLANG_ENABLE_MODULES = YES;
				CODE_SIGN_STYLE = Automatic;
				CURRENT_PROJECT_VERSION = 1;
				DEVELOPMENT_TEAM = 8XP4D6N55Z;
				ENABLE_PREVIEWS = YES;
				GENERATE_INFOPLIST_FILE = YES;
				INFOPLIST_KEY_UIApplicationSceneManifest_Generation = YES;
				INFOPLIST_KEY_UIApplicationSupportsIndirectInputEvents = YES;
				INFOPLIST_KEY_UILaunchScreen_Generation = YES;
				INFOPLIST_KEY_UISupportedInterfaceOrientations_iPad = "UIInterfaceOrientationPortrait UIInterfaceOrientationPortraitUpsideDown UIInterfaceOrientationLandscapeLeft UIInterfaceOrientationLandscapeRight";
				INFOPLIST_KEY_UISupportedInterfaceOrientations_iPhone = "UIInterfaceOrientationPortrait UIInterfaceOrientationLandscapeLeft UIInterfaceOrientationLandscapeRight";
				IPHONEOS_DEPLOYMENT_TARGET = 15.4;
				LD_RUNPATH_SEARCH_PATHS = (
					"$(inherited)",
					"@executable_path/Frameworks",
				);
				MARKETING_VERSION = 1.0;
				PRODUCT_BUNDLE_IDENTIFIER = "com.pubnub.issue.file-upload";
				PRODUCT_NAME = "pubnub-issue-file-upload";
				SDKROOT = iphoneos;
				SWIFT_EMIT_LOC_STRINGS = YES;
				SWIFT_OBJC_BRIDGING_HEADER = "Shared/pubnub-issue-file-upload (iOS)-Bridging-Header.h";
				SWIFT_VERSION = 5.0;
				TARGETED_DEVICE_FAMILY = "1,2";
				VALIDATE_PRODUCT = YES;
			};
			name = Release;
		};
		35392D18283E9406000F2DD8 /* Debug */ = {
			isa = XCBuildConfiguration;
			buildSettings = {
				ASSETCATALOG_COMPILER_APPICON_NAME = AppIcon;
				ASSETCATALOG_COMPILER_GLOBAL_ACCENT_COLOR_NAME = AccentColor;
				CLANG_ENABLE_MODULES = YES;
				CODE_SIGN_ENTITLEMENTS = macOS/macOS.entitlements;
				CODE_SIGN_STYLE = Automatic;
				COMBINE_HIDPI_IMAGES = YES;
				CURRENT_PROJECT_VERSION = 1;
				DEVELOPMENT_TEAM = 8XP4D6N55Z;
				ENABLE_HARDENED_RUNTIME = YES;
				ENABLE_PREVIEWS = YES;
				GENERATE_INFOPLIST_FILE = YES;
				INFOPLIST_KEY_NSHumanReadableCopyright = "";
				LD_RUNPATH_SEARCH_PATHS = (
					"$(inherited)",
					"@executable_path/../Frameworks",
				);
				MACOSX_DEPLOYMENT_TARGET = 12.3;
				MARKETING_VERSION = 1.0;
				PRODUCT_BUNDLE_IDENTIFIER = "com.pubnub.issue.file-upload";
				PRODUCT_NAME = "pubnub-issue-file-upload";
				SDKROOT = macosx;
				SWIFT_EMIT_LOC_STRINGS = YES;
				SWIFT_OBJC_BRIDGING_HEADER = "Shared/pubnub-issue-file-upload (macOS)-Bridging-Header.h";
				SWIFT_OPTIMIZATION_LEVEL = "-Onone";
				SWIFT_VERSION = 5.0;
			};
			name = Debug;
		};
		35392D19283E9406000F2DD8 /* Release */ = {
			isa = XCBuildConfiguration;
			buildSettings = {
				ASSETCATALOG_COMPILER_APPICON_NAME = AppIcon;
				ASSETCATALOG_COMPILER_GLOBAL_ACCENT_COLOR_NAME = AccentColor;
				CLANG_ENABLE_MODULES = YES;
				CODE_SIGN_ENTITLEMENTS = macOS/macOS.entitlements;
				CODE_SIGN_STYLE = Automatic;
				COMBINE_HIDPI_IMAGES = YES;
				CURRENT_PROJECT_VERSION = 1;
				DEVELOPMENT_TEAM = 8XP4D6N55Z;
				ENABLE_HARDENED_RUNTIME = YES;
				ENABLE_PREVIEWS = YES;
				GENERATE_INFOPLIST_FILE = YES;
				INFOPLIST_KEY_NSHumanReadableCopyright = "";
				LD_RUNPATH_SEARCH_PATHS = (
					"$(inherited)",
					"@executable_path/../Frameworks",
				);
				MACOSX_DEPLOYMENT_TARGET = 12.3;
				MARKETING_VERSION = 1.0;
				PRODUCT_BUNDLE_IDENTIFIER = "com.pubnub.issue.file-upload";
				PRODUCT_NAME = "pubnub-issue-file-upload";
				SDKROOT = macosx;
				SWIFT_EMIT_LOC_STRINGS = YES;
				SWIFT_OBJC_BRIDGING_HEADER = "Shared/pubnub-issue-file-upload (macOS)-Bridging-Header.h";
				SWIFT_VERSION = 5.0;
			};
			name = Release;
		};
/* End XCBuildConfiguration section */

/* Begin XCConfigurationList section */
		35392CFA283E9404000F2DD8 /* Build configuration list for PBXProject "pubnub-issue-file-upload" */ = {
			isa = XCConfigurationList;
			buildConfigurations = (
				35392D12283E9406000F2DD8 /* Debug */,
				35392D13283E9406000F2DD8 /* Release */,
			);
			defaultConfigurationIsVisible = 0;
			defaultConfigurationName = Release;
		};
		35392D14283E9406000F2DD8 /* Build configuration list for PBXNativeTarget "pubnub-issue-file-upload (iOS)" */ = {
			isa = XCConfigurationList;
			buildConfigurations = (
				35392D15283E9406000F2DD8 /* Debug */,
				35392D16283E9406000F2DD8 /* Release */,
			);
			defaultConfigurationIsVisible = 0;
			defaultConfigurationName = Release;
		};
		35392D17283E9406000F2DD8 /* Build configuration list for PBXNativeTarget "pubnub-issue-file-upload (macOS)" */ = {
			isa = XCConfigurationList;
			buildConfigurations = (
				35392D18283E9406000F2DD8 /* Debug */,
				35392D19283E9406000F2DD8 /* Release */,
			);
			defaultConfigurationIsVisible = 0;
			defaultConfigurationName = Release;
		};
/* End XCConfigurationList section */
	};
	rootObject = 35392CF7283E9404000F2DD8 /* Project object */;
}
