// !$*UTF8*$!
{
	archiveVersion = 1;
	classes = {
	};
	objectVersion = 55;
	objects = {

/* Begin PBXBuildFile section */
		35243A9C28204B3300765984 /* HTTPFileUploadTask.swift in Sources */ = {isa = PBXBuildFile; fileRef = 35243A9B28204B3300765984 /* HTTPFileUploadTask.swift */; };
		35243A9E28204B5500765984 /* App+Ext.swift in Sources */ = {isa = PBXBuildFile; fileRef = 35243A9D28204B5500765984 /* App+Ext.swift */; };
		354FF596281B4D7B00D81CA6 /* FileUploadApp.swift in Sources */ = {isa = PBXBuildFile; fileRef = 354FF595281B4D7B00D81CA6 /* FileUploadApp.swift */; };
		354FF598281B4D7B00D81CA6 /* ContentView.swift in Sources */ = {isa = PBXBuildFile; fileRef = 354FF597281B4D7B00D81CA6 /* ContentView.swift */; };
		354FF59A281B4D7C00D81CA6 /* Assets.xcassets in Resources */ = {isa = PBXBuildFile; fileRef = 354FF599281B4D7C00D81CA6 /* Assets.xcassets */; };
		354FF59D281B4D7C00D81CA6 /* Preview Assets.xcassets in Resources */ = {isa = PBXBuildFile; fileRef = 354FF59C281B4D7C00D81CA6 /* Preview Assets.xcassets */; };
		354FF5A6281B5A2A00D81CA6 /* PubNub.swift in Sources */ = {isa = PBXBuildFile; fileRef = 354FF5A5281B5A2A00D81CA6 /* PubNub.swift */; };
		354FF5AB281C8DD900D81CA6 /* FileNetwork.swift in Sources */ = {isa = PBXBuildFile; fileRef = 354FF5AA281C8DD900D81CA6 /* FileNetwork.swift */; };
/* End PBXBuildFile section */

/* Begin PBXFileReference section */
		35243A9B28204B3300765984 /* HTTPFileUploadTask.swift */ = {isa = PBXFileReference; lastKnownFileType = sourcecode.swift; path = HTTPFileUploadTask.swift; sourceTree = "<group>"; };
		35243A9D28204B5500765984 /* App+Ext.swift */ = {isa = PBXFileReference; lastKnownFileType = sourcecode.swift; path = "App+Ext.swift"; sourceTree = "<group>"; };
		354FF592281B4D7B00D81CA6 /* pubnub-issue-file-upload.app */ = {isa = PBXFileReference; explicitFileType = wrapper.application; includeInIndex = 0; path = "pubnub-issue-file-upload.app"; sourceTree = BUILT_PRODUCTS_DIR; };
		354FF595281B4D7B00D81CA6 /* FileUploadApp.swift */ = {isa = PBXFileReference; lastKnownFileType = sourcecode.swift; path = FileUploadApp.swift; sourceTree = "<group>"; };
		354FF597281B4D7B00D81CA6 /* ContentView.swift */ = {isa = PBXFileReference; lastKnownFileType = sourcecode.swift; path = ContentView.swift; sourceTree = "<group>"; };
		354FF599281B4D7C00D81CA6 /* Assets.xcassets */ = {isa = PBXFileReference; lastKnownFileType = folder.assetcatalog; path = Assets.xcassets; sourceTree = "<group>"; };
		354FF59C281B4D7C00D81CA6 /* Preview Assets.xcassets */ = {isa = PBXFileReference; lastKnownFileType = folder.assetcatalog; path = "Preview Assets.xcassets"; sourceTree = "<group>"; };
		354FF5A5281B5A2A00D81CA6 /* PubNub.swift */ = {isa = PBXFileReference; lastKnownFileType = sourcecode.swift; path = PubNub.swift; sourceTree = "<group>"; };
		354FF5A8281C66AD00D81CA6 /* CoreServices.framework */ = {isa = PBXFileReference; lastKnownFileType = wrapper.framework; name = CoreServices.framework; path = System/Library/Frameworks/CoreServices.framework; sourceTree = SDKROOT; };
		354FF5AA281C8DD900D81CA6 /* FileNetwork.swift */ = {isa = PBXFileReference; lastKnownFileType = sourcecode.swift; path = FileNetwork.swift; sourceTree = "<group>"; };
/* End PBXFileReference section */

/* Begin PBXFrameworksBuildPhase section */
		354FF58F281B4D7B00D81CA6 /* Frameworks */ = {
			isa = PBXFrameworksBuildPhase;
			buildActionMask = 2147483647;
			files = (
			);
			runOnlyForDeploymentPostprocessing = 0;
		};
/* End PBXFrameworksBuildPhase section */

/* Begin PBXGroup section */
		354FF589281B4D7B00D81CA6 = {
			isa = PBXGroup;
			children = (
				354FF594281B4D7B00D81CA6 /* pubnub-issue-file-upload */,
				354FF593281B4D7B00D81CA6 /* Products */,
				354FF5A7281C66AD00D81CA6 /* Frameworks */,
			);
			sourceTree = "<group>";
		};
		354FF593281B4D7B00D81CA6 /* Products */ = {
			isa = PBXGroup;
			children = (
				354FF592281B4D7B00D81CA6 /* pubnub-issue-file-upload.app */,
			);
			name = Products;
			sourceTree = "<group>";
		};
		354FF594281B4D7B00D81CA6 /* pubnub-issue-file-upload */ = {
			isa = PBXGroup;
			children = (
				354FF595281B4D7B00D81CA6 /* FileUploadApp.swift */,
				354FF597281B4D7B00D81CA6 /* ContentView.swift */,
				354FF5A5281B5A2A00D81CA6 /* PubNub.swift */,
				354FF5AA281C8DD900D81CA6 /* FileNetwork.swift */,
				35243A9B28204B3300765984 /* HTTPFileUploadTask.swift */,
				35243A9D28204B5500765984 /* App+Ext.swift */,
				354FF599281B4D7C00D81CA6 /* Assets.xcassets */,
				354FF59B281B4D7C00D81CA6 /* Preview Content */,
			);
			path = "pubnub-issue-file-upload";
			sourceTree = "<group>";
		};
		354FF59B281B4D7C00D81CA6 /* Preview Content */ = {
			isa = PBXGroup;
			children = (
				354FF59C281B4D7C00D81CA6 /* Preview Assets.xcassets */,
			);
			path = "Preview Content";
			sourceTree = "<group>";
		};
		354FF5A7281C66AD00D81CA6 /* Frameworks */ = {
			isa = PBXGroup;
			children = (
				354FF5A8281C66AD00D81CA6 /* CoreServices.framework */,
			);
			name = Frameworks;
			sourceTree = "<group>";
		};
/* End PBXGroup section */

/* Begin PBXNativeTarget section */
		354FF591281B4D7B00D81CA6 /* pubnub-issue-file-upload */ = {
			isa = PBXNativeTarget;
			buildConfigurationList = 354FF5A0281B4D7C00D81CA6 /* Build configuration list for PBXNativeTarget "pubnub-issue-file-upload" */;
			buildPhases = (
				354FF58E281B4D7B00D81CA6 /* Sources */,
				354FF58F281B4D7B00D81CA6 /* Frameworks */,
				354FF590281B4D7B00D81CA6 /* Resources */,
			);
			buildRules = (
			);
			dependencies = (
			);
			name = "pubnub-issue-file-upload";
			productName = "pubnub-issue-file-upload";
			productReference = 354FF592281B4D7B00D81CA6 /* pubnub-issue-file-upload.app */;
			productType = "com.apple.product-type.application";
		};
/* End PBXNativeTarget section */

/* Begin PBXProject section */
		354FF58A281B4D7B00D81CA6 /* Project object */ = {
			isa = PBXProject;
			attributes = {
				BuildIndependentTargetsInParallel = 1;
				LastSwiftUpdateCheck = 1330;
				LastUpgradeCheck = 1330;
				TargetAttributes = {
					354FF591281B4D7B00D81CA6 = {
						CreatedOnToolsVersion = 13.3.1;
					};
				};
			};
			buildConfigurationList = 354FF58D281B4D7B00D81CA6 /* Build configuration list for PBXProject "pubnub-issue-file-upload" */;
			compatibilityVersion = "Xcode 13.0";
			developmentRegion = en;
			hasScannedForEncodings = 0;
			knownRegions = (
				en,
				Base,
			);
			mainGroup = 354FF589281B4D7B00D81CA6;
			productRefGroup = 354FF593281B4D7B00D81CA6 /* Products */;
			projectDirPath = "";
			projectRoot = "";
			targets = (
				354FF591281B4D7B00D81CA6 /* pubnub-issue-file-upload */,
			);
		};
/* End PBXProject section */

/* Begin PBXResourcesBuildPhase section */
		354FF590281B4D7B00D81CA6 /* Resources */ = {
			isa = PBXResourcesBuildPhase;
			buildActionMask = 2147483647;
			files = (
				354FF59D281B4D7C00D81CA6 /* Preview Assets.xcassets in Resources */,
				354FF59A281B4D7C00D81CA6 /* Assets.xcassets in Resources */,
			);
			runOnlyForDeploymentPostprocessing = 0;
		};
/* End PBXResourcesBuildPhase section */

/* Begin PBXSourcesBuildPhase section */
		354FF58E281B4D7B00D81CA6 /* Sources */ = {
			isa = PBXSourcesBuildPhase;
			buildActionMask = 2147483647;
			files = (
				354FF5AB281C8DD900D81CA6 /* FileNetwork.swift in Sources */,
				35243A9E28204B5500765984 /* App+Ext.swift in Sources */,
				354FF598281B4D7B00D81CA6 /* ContentView.swift in Sources */,
				354FF596281B4D7B00D81CA6 /* FileUploadApp.swift in Sources */,
				354FF5A6281B5A2A00D81CA6 /* PubNub.swift in Sources */,
				35243A9C28204B3300765984 /* HTTPFileUploadTask.swift in Sources */,
			);
			runOnlyForDeploymentPostprocessing = 0;
		};
/* End PBXSourcesBuildPhase section */

/* Begin XCBuildConfiguration section */
		354FF59E281B4D7C00D81CA6 /* Debug */ = {
			isa = XCBuildConfiguration;
			buildSettings = {
				ALWAYS_SEARCH_USER_PATHS = NO;
				CLANG_ANALYZER_NONNULL = YES;
				CLANG_ANALYZER_NUMBER_OBJECT_CONVERSION = YES_AGGRESSIVE;
				CLANG_CXX_LANGUAGE_STANDARD = "gnu++17";
				CLANG_ENABLE_MODULES = YES;
				CLANG_ENABLE_OBJC_ARC = YES;
				CLANG_ENABLE_OBJC_WEAK = YES;
				CLANG_WARN_BLOCK_CAPTURE_AUTORELEASING = YES;
				CLANG_WARN_BOOL_CONVERSION = YES;
				CLANG_WARN_COMMA = YES;
				CLANG_WARN_CONSTANT_CONVERSION = YES;
				CLANG_WARN_DEPRECATED_OBJC_IMPLEMENTATIONS = YES;
				CLANG_WARN_DIRECT_OBJC_ISA_USAGE = YES_ERROR;
				CLANG_WARN_DOCUMENTATION_COMMENTS = YES;
				CLANG_WARN_EMPTY_BODY = YES;
				CLANG_WARN_ENUM_CONVERSION = YES;
				CLANG_WARN_INFINITE_RECURSION = YES;
				CLANG_WARN_INT_CONVERSION = YES;
				CLANG_WARN_NON_LITERAL_NULL_CONVERSION = YES;
				CLANG_WARN_OBJC_IMPLICIT_RETAIN_SELF = YES;
				CLANG_WARN_OBJC_LITERAL_CONVERSION = YES;
				CLANG_WARN_OBJC_ROOT_CLASS = YES_ERROR;
				CLANG_WARN_QUOTED_INCLUDE_IN_FRAMEWORK_HEADER = YES;
				CLANG_WARN_RANGE_LOOP_ANALYSIS = YES;
				CLANG_WARN_STRICT_PROTOTYPES = YES;
				CLANG_WARN_SUSPICIOUS_MOVE = YES;
				CLANG_WARN_UNGUARDED_AVAILABILITY = YES_AGGRESSIVE;
				CLANG_WARN_UNREACHABLE_CODE = YES;
				CLANG_WARN__DUPLICATE_METHOD_MATCH = YES;
				COPY_PHASE_STRIP = NO;
				DEBUG_INFORMATION_FORMAT = dwarf;
				ENABLE_STRICT_OBJC_MSGSEND = YES;
				ENABLE_TESTABILITY = YES;
				GCC_C_LANGUAGE_STANDARD = gnu11;
				GCC_DYNAMIC_NO_PIC = NO;
				GCC_NO_COMMON_BLOCKS = YES;
				GCC_OPTIMIZATION_LEVEL = 0;
				GCC_PREPROCESSOR_DEFINITIONS = (
					"DEBUG=1",
					"$(inherited)",
				);
				GCC_WARN_64_TO_32_BIT_CONVERSION = YES;
				GCC_WARN_ABOUT_RETURN_TYPE = YES_ERROR;
				GCC_WARN_UNDECLARED_SELECTOR = YES;
				GCC_WARN_UNINITIALIZED_AUTOS = YES_AGGRESSIVE;
				GCC_WARN_UNUSED_FUNCTION = YES;
				GCC_WARN_UNUSED_VARIABLE = YES;
				IPHONEOS_DEPLOYMENT_TARGET = 15.4;
				MTL_ENABLE_DEBUG_INFO = INCLUDE_SOURCE;
				MTL_FAST_MATH = YES;
				ONLY_ACTIVE_ARCH = YES;
				SDKROOT = iphoneos;
				SWIFT_ACTIVE_COMPILATION_CONDITIONS = DEBUG;
				SWIFT_OPTIMIZATION_LEVEL = "-Onone";
			};
			name = Debug;
		};
		354FF59F281B4D7C00D81CA6 /* Release */ = {
			isa = XCBuildConfiguration;
			buildSettings = {
				ALWAYS_SEARCH_USER_PATHS = NO;
				CLANG_ANALYZER_NONNULL = YES;
				CLANG_ANALYZER_NUMBER_OBJECT_CONVERSION = YES_AGGRESSIVE;
				CLANG_CXX_LANGUAGE_STANDARD = "gnu++17";
				CLANG_ENABLE_MODULES = YES;
				CLANG_ENABLE_OBJC_ARC = YES;
				CLANG_ENABLE_OBJC_WEAK = YES;
				CLANG_WARN_BLOCK_CAPTURE_AUTORELEASING = YES;
				CLANG_WARN_BOOL_CONVERSION = YES;
				CLANG_WARN_COMMA = YES;
				CLANG_WARN_CONSTANT_CONVERSION = YES;
				CLANG_WARN_DEPRECATED_OBJC_IMPLEMENTATIONS = YES;
				CLANG_WARN_DIRECT_OBJC_ISA_USAGE = YES_ERROR;
				CLANG_WARN_DOCUMENTATION_COMMENTS = YES;
				CLANG_WARN_EMPTY_BODY = YES;
				CLANG_WARN_ENUM_CONVERSION = YES;
				CLANG_WARN_INFINITE_RECURSION = YES;
				CLANG_WARN_INT_CONVERSION = YES;
				CLANG_WARN_NON_LITERAL_NULL_CONVERSION = YES;
				CLANG_WARN_OBJC_IMPLICIT_RETAIN_SELF = YES;
				CLANG_WARN_OBJC_LITERAL_CONVERSION = YES;
				CLANG_WARN_OBJC_ROOT_CLASS = YES_ERROR;
				CLANG_WARN_QUOTED_INCLUDE_IN_FRAMEWORK_HEADER = YES;
				CLANG_WARN_RANGE_LOOP_ANALYSIS = YES;
				CLANG_WARN_STRICT_PROTOTYPES = YES;
				CLANG_WARN_SUSPICIOUS_MOVE = YES;
				CLANG_WARN_UNGUARDED_AVAILABILITY = YES_AGGRESSIVE;
				CLANG_WARN_UNREACHABLE_CODE = YES;
				CLANG_WARN__DUPLICATE_METHOD_MATCH = YES;
				COPY_PHASE_STRIP = NO;
				DEBUG_INFORMATION_FORMAT = "dwarf-with-dsym";
				ENABLE_NS_ASSERTIONS = NO;
				ENABLE_STRICT_OBJC_MSGSEND = YES;
				GCC_C_LANGUAGE_STANDARD = gnu11;
				GCC_NO_COMMON_BLOCKS = YES;
				GCC_WARN_64_TO_32_BIT_CONVERSION = YES;
				GCC_WARN_ABOUT_RETURN_TYPE = YES_ERROR;
				GCC_WARN_UNDECLARED_SELECTOR = YES;
				GCC_WARN_UNINITIALIZED_AUTOS = YES_AGGRESSIVE;
				GCC_WARN_UNUSED_FUNCTION = YES;
				GCC_WARN_UNUSED_VARIABLE = YES;
				IPHONEOS_DEPLOYMENT_TARGET = 15.4;
				MTL_ENABLE_DEBUG_INFO = NO;
				MTL_FAST_MATH = YES;
				SDKROOT = iphoneos;
				SWIFT_COMPILATION_MODE = wholemodule;
				SWIFT_OPTIMIZATION_LEVEL = "-O";
				VALIDATE_PRODUCT = YES;
			};
			name = Release;
		};
		354FF5A1281B4D7C00D81CA6 /* Debug */ = {
			isa = XCBuildConfiguration;
			buildSettings = {
				ASSETCATALOG_COMPILER_APPICON_NAME = AppIcon;
				ASSETCATALOG_COMPILER_GLOBAL_ACCENT_COLOR_NAME = AccentColor;
				CODE_SIGN_STYLE = Automatic;
				CURRENT_PROJECT_VERSION = 1;
				DEVELOPMENT_ASSET_PATHS = "\"pubnub-issue-file-upload/Preview Content\"";
				DEVELOPMENT_TEAM = 8XP4D6N55Z;
				ENABLE_PREVIEWS = YES;
				GENERATE_INFOPLIST_FILE = YES;
				INFOPLIST_KEY_UIApplicationSceneManifest_Generation = YES;
				INFOPLIST_KEY_UIApplicationSupportsIndirectInputEvents = YES;
				INFOPLIST_KEY_UILaunchScreen_Generation = YES;
				INFOPLIST_KEY_UISupportedInterfaceOrientations_iPad = "UIInterfaceOrientationPortrait UIInterfaceOrientationPortraitUpsideDown UIInterfaceOrientationLandscapeLeft UIInterfaceOrientationLandscapeRight";
				INFOPLIST_KEY_UISupportedInterfaceOrientations_iPhone = "UIInterfaceOrientationPortrait UIInterfaceOrientationLandscapeLeft UIInterfaceOrientationLandscapeRight";
				LD_RUNPATH_SEARCH_PATHS = (
					"$(inherited)",
					"@executable_path/Frameworks",
				);
				MARKETING_VERSION = 1.0;
				PRODUCT_BUNDLE_IDENTIFIER = "com.pubnub.issue.file-upload";
				PRODUCT_NAME = "$(TARGET_NAME)";
				SWIFT_EMIT_LOC_STRINGS = YES;
				SWIFT_VERSION = 5.0;
				TARGETED_DEVICE_FAMILY = "1,2";
			};
			name = Debug;
		};
		354FF5A2281B4D7C00D81CA6 /* Release */ = {
			isa = XCBuildConfiguration;
			buildSettings = {
				ASSETCATALOG_COMPILER_APPICON_NAME = AppIcon;
				ASSETCATALOG_COMPILER_GLOBAL_ACCENT_COLOR_NAME = AccentColor;
				CODE_SIGN_STYLE = Automatic;
				CURRENT_PROJECT_VERSION = 1;
				DEVELOPMENT_ASSET_PATHS = "\"pubnub-issue-file-upload/Preview Content\"";
				DEVELOPMENT_TEAM = 8XP4D6N55Z;
				ENABLE_PREVIEWS = YES;
				GENERATE_INFOPLIST_FILE = YES;
				INFOPLIST_KEY_UIApplicationSceneManifest_Generation = YES;
				INFOPLIST_KEY_UIApplicationSupportsIndirectInputEvents = YES;
				INFOPLIST_KEY_UILaunchScreen_Generation = YES;
				INFOPLIST_KEY_UISupportedInterfaceOrientations_iPad = "UIInterfaceOrientationPortrait UIInterfaceOrientationPortraitUpsideDown UIInterfaceOrientationLandscapeLeft UIInterfaceOrientationLandscapeRight";
				INFOPLIST_KEY_UISupportedInterfaceOrientations_iPhone = "UIInterfaceOrientationPortrait UIInterfaceOrientationLandscapeLeft UIInterfaceOrientationLandscapeRight";
				LD_RUNPATH_SEARCH_PATHS = (
					"$(inherited)",
					"@executable_path/Frameworks",
				);
				MARKETING_VERSION = 1.0;
				PRODUCT_BUNDLE_IDENTIFIER = "com.pubnub.issue.file-upload";
				PRODUCT_NAME = "$(TARGET_NAME)";
				SWIFT_EMIT_LOC_STRINGS = YES;
				SWIFT_VERSION = 5.0;
				TARGETED_DEVICE_FAMILY = "1,2";
			};
			name = Release;
		};
/* End XCBuildConfiguration section */

/* Begin XCConfigurationList section */
		354FF58D281B4D7B00D81CA6 /* Build configuration list for PBXProject "pubnub-issue-file-upload" */ = {
			isa = XCConfigurationList;
			buildConfigurations = (
				354FF59E281B4D7C00D81CA6 /* Debug */,
				354FF59F281B4D7C00D81CA6 /* Release */,
			);
			defaultConfigurationIsVisible = 0;
			defaultConfigurationName = Release;
		};
		354FF5A0281B4D7C00D81CA6 /* Build configuration list for PBXNativeTarget "pubnub-issue-file-upload" */ = {
			isa = XCConfigurationList;
			buildConfigurations = (
				354FF5A1281B4D7C00D81CA6 /* Debug */,
				354FF5A2281B4D7C00D81CA6 /* Release */,
			);
			defaultConfigurationIsVisible = 0;
			defaultConfigurationName = Release;
		};
/* End XCConfigurationList section */
	};
	rootObject = 354FF58A281B4D7B00D81CA6 /* Project object */;
}
